
Microsoft Visual Studio Solution File, Format Version 12.00
# Visual Studio Version 17
VisualStudioVersion = 17.6.33723.286
MinimumVisualStudioVersion = 10.0.40219.1
Project("{9A19103F-16F7-4668-BE54-9A1E7A4F7556}") = "AutomobileWinApp", "AutomobileWinApp\AutomobileWinApp.csproj", "{B7F61B4C-059E-4F99-9D08-3CE8CF48781C}"
EndProject
Project("{FAE04EC0-301F-11D3-BF4B-00C04F79EFBC}") = "BusinessObjects", "BusinessObjects\BusinessObjects.csproj", "{0630A6FC-E94E-4F29-ABE6-0781AC6EB941}"
EndProject
Project("{FAE04EC0-301F-11D3-BF4B-00C04F79EFBC}") = "DataAccessObjects", "DataAccessObjects\DataAccessObjects.csproj", "{AB999195-43F0-4CAF-ACDD-CDD07F03CF62}"
EndProject
Project("{FAE04EC0-301F-11D3-BF4B-00C04F79EFBC}") = "Repositories", "Repositories\Repositories.csproj", "{8C05F6C8-E54F-4E06-97F7-0E5E8D98B515}"
EndProject
Global
	GlobalSection(SolutionConfigurationPlatforms) = preSolution
		Debug|Any CPU = Debug|Any CPU
		Release|Any CPU = Release|Any CPU
	EndGlobalSection
	GlobalSection(ProjectConfigurationPlatforms) = postSolution
		{B7F61B4C-059E-4F99-9D08-3CE8CF48781C}.Debug|Any CPU.ActiveCfg = Debug|Any CPU
		{B7F61B4C-059E-4F99-9D08-3CE8CF48781C}.Debug|Any CPU.Build.0 = Debug|Any CPU
		{B7F61B4C-059E-4F99-9D08-3CE8CF48781C}.Release|Any CPU.ActiveCfg = Release|Any CPU
		{B7F61B4C-059E-4F99-9D08-3CE8CF48781C}.Release|Any CPU.Build.0 = Release|Any CPU
		{0630A6FC-E94E-4F29-ABE6-0781AC6EB941}.Debug|Any CPU.ActiveCfg = Debug|Any CPU
		{0630A6FC-E94E-4F29-ABE6-0781AC6EB941}.Debug|Any CPU.Build.0 = Debug|Any CPU
		{0630A6FC-E94E-4F29-ABE6-0781AC6EB941}.Release|Any CPU.ActiveCfg = Release|Any CPU
		{0630A6FC-E94E-4F29-ABE6-0781AC6EB941}.Release|Any CPU.Build.0 = Release|Any CPU
		{AB999195-43F0-4CAF-ACDD-CDD07F03CF62}.Debug|Any CPU.ActiveCfg = Debug|Any CPU
		{AB999195-43F0-4CAF-ACDD-CDD07F03CF62}.Debug|Any CPU.Build.0 = Debug|Any CPU
		{AB999195-43F0-4CAF-ACDD-CDD07F03CF62}.Release|Any CPU.ActiveCfg = Release|Any CPU
		{AB999195-43F0-4CAF-ACDD-CDD07F03CF62}.Release|Any CPU.Build.0 = Release|Any CPU
		{8C05F6C8-E54F-4E06-97F7-0E5E8D98B515}.Debug|Any CPU.ActiveCfg = Debug|Any CPU
		{8C05F6C8-E54F-4E06-97F7-0E5E8D98B515}.Debug|Any CPU.Build.0 = Debug|Any CPU
		{8C05F6C8-E54F-4E06-97F7-0E5E8D98B515}.Release|Any CPU.ActiveCfg = Release|Any CPU
		{8C05F6C8-E54F-4E06-97F7-0E5E8D98B515}.Release|Any CPU.Build.0 = Release|Any CPU
	EndGlobalSection
	GlobalSection(SolutionProperties) = preSolution
		HideSolutionNode = FALSE
	EndGlobalSection
	GlobalSection(ExtensibilityGlobals) = postSolution
		SolutionGuid = {D6DF09B0-28D4-431E-B020-5E5FD4A1477A}
	EndGlobalSection
EndGlobal
