
Microsoft Visual Studio Solution File, Format Version 12.00
# Visual Studio Version 17
VisualStudioVersion = 17.5.33516.290
MinimumVisualStudioVersion = 10.0.40219.1
Project("{FAE04EC0-301F-11D3-BF4B-00C04F79EFBC}") = "FirstDemo", "FirstDemo\FirstDemo.csproj", "{631D47FE-467C-4A1B-A2E8-771974601326}"
EndProject
Project("{FAE04EC0-301F-11D3-BF4B-00C04F79EFBC}") = "SecondDemo", "SecondDemo\SecondDemo.csproj", "{D321A319-3C9F-4A6C-98AE-A233FFEAE843}"
EndProject
Global
	GlobalSection(SolutionConfigurationPlatforms) = preSolution
		Debug|Any CPU = Debug|Any CPU
		Release|Any CPU = Release|Any CPU
	EndGlobalSection
	GlobalSection(ProjectConfigurationPlatforms) = postSolution
		{631D47FE-467C-4A1B-A2E8-771974601326}.Debug|Any CPU.ActiveCfg = Debug|Any CPU
		{631D47FE-467C-4A1B-A2E8-771974601326}.Debug|Any CPU.Build.0 = Debug|Any CPU
		{631D47FE-467C-4A1B-A2E8-771974601326}.Release|Any CPU.ActiveCfg = Release|Any CPU
		{631D47FE-467C-4A1B-A2E8-771974601326}.Release|Any CPU.Build.0 = Release|Any CPU
		{D321A319-3C9F-4A6C-98AE-A233FFEAE843}.Debug|Any CPU.ActiveCfg = Debug|Any CPU
		{D321A319-3C9F-4A6C-98AE-A233FFEAE843}.Debug|Any CPU.Build.0 = Debug|Any CPU
		{D321A319-3C9F-4A6C-98AE-A233FFEAE843}.Release|Any CPU.ActiveCfg = Release|Any CPU
		{D321A319-3C9F-4A6C-98AE-A233FFEAE843}.Release|Any CPU.Build.0 = Release|Any CPU
	EndGlobalSection
	GlobalSection(SolutionProperties) = preSolution
		HideSolutionNode = FALSE
	EndGlobalSection
	GlobalSection(ExtensibilityGlobals) = postSolution
		SolutionGuid = {E1C9F924-0E54-4EF6-B8B5-A0E5C0C3D51F}
	EndGlobalSection
EndGlobal
