
Microsoft Visual Studio Solution File, Format Version 12.00
# Visual Studio Version 17
VisualStudioVersion = 17.5.33516.290
MinimumVisualStudioVersion = 10.0.40219.1
Project("{FAE04EC0-301F-11D3-BF4B-00C04F79EFBC}") = "DemoCollection", "DemoCollection.csproj", "{522F306F-641B-4B6B-8D2D-AD206BE5BA54}"
EndProject
Global
	GlobalSection(SolutionConfigurationPlatforms) = preSolution
		Debug|Any CPU = Debug|Any CPU
		Release|Any CPU = Release|Any CPU
	EndGlobalSection
	GlobalSection(ProjectConfigurationPlatforms) = postSolution
		{522F306F-641B-4B6B-8D2D-AD206BE5BA54}.Debug|Any CPU.ActiveCfg = Debug|Any CPU
		{522F306F-641B-4B6B-8D2D-AD206BE5BA54}.Debug|Any CPU.Build.0 = Debug|Any CPU
		{522F306F-641B-4B6B-8D2D-AD206BE5BA54}.Release|Any CPU.ActiveCfg = Release|Any CPU
		{522F306F-641B-4B6B-8D2D-AD206BE5BA54}.Release|Any CPU.Build.0 = Release|Any CPU
	EndGlobalSection
	GlobalSection(SolutionProperties) = preSolution
		HideSolutionNode = FALSE
	EndGlobalSection
	GlobalSection(ExtensibilityGlobals) = postSolution
		SolutionGuid = {3D8EDCF5-EA16-4FA4-B179-1ACF366A68A0}
	EndGlobalSection
EndGlobal
