
Microsoft Visual Studio Solution File, Format Version 12.00
# Visual Studio Version 17
VisualStudioVersion = 17.5.33516.290
MinimumVisualStudioVersion = 10.0.40219.1
Project("{FAE04EC0-301F-11D3-BF4B-00C04F79EFBC}") = "DemoGeneric", "DemoGeneric.csproj", "{CC686423-6E4F-4DE0-9104-B532F8A7647A}"
EndProject
Global
	GlobalSection(SolutionConfigurationPlatforms) = preSolution
		Debug|Any CPU = Debug|Any CPU
		Release|Any CPU = Release|Any CPU
	EndGlobalSection
	GlobalSection(ProjectConfigurationPlatforms) = postSolution
		{CC686423-6E4F-4DE0-9104-B532F8A7647A}.Debug|Any CPU.ActiveCfg = Debug|Any CPU
		{CC686423-6E4F-4DE0-9104-B532F8A7647A}.Debug|Any CPU.Build.0 = Debug|Any CPU
		{CC686423-6E4F-4DE0-9104-B532F8A7647A}.Release|Any CPU.ActiveCfg = Release|Any CPU
		{CC686423-6E4F-4DE0-9104-B532F8A7647A}.Release|Any CPU.Build.0 = Release|Any CPU
	EndGlobalSection
	GlobalSection(SolutionProperties) = preSolution
		HideSolutionNode = FALSE
	EndGlobalSection
	GlobalSection(ExtensibilityGlobals) = postSolution
		SolutionGuid = {C50687A0-66AE-4B25-A78E-232F13C16A50}
	EndGlobalSection
EndGlobal
