
Microsoft Visual Studio Solution File, Format Version 12.00
# Visual Studio Version 16
VisualStudioVersion = 16.0.31624.102
MinimumVisualStudioVersion = 10.0.40219.1
Project("{FAE04EC0-301F-11D3-BF4B-00C04F79EFBC}") = "Demo.appsettings.json", "Demo.appsettings.json\Demo.appsettings.json.csproj", "{79E0639A-2D96-45DA-9BA0-913129D04C3C}"
EndProject
Global
	GlobalSection(SolutionConfigurationPlatforms) = preSolution
		Debug|Any CPU = Debug|Any CPU
		Release|Any CPU = Release|Any CPU
	EndGlobalSection
	GlobalSection(ProjectConfigurationPlatforms) = postSolution
		{79E0639A-2D96-45DA-9BA0-913129D04C3C}.Debug|Any CPU.ActiveCfg = Debug|Any CPU
		{79E0639A-2D96-45DA-9BA0-913129D04C3C}.Debug|Any CPU.Build.0 = Debug|Any CPU
		{79E0639A-2D96-45DA-9BA0-913129D04C3C}.Release|Any CPU.ActiveCfg = Release|Any CPU
		{79E0639A-2D96-45DA-9BA0-913129D04C3C}.Release|Any CPU.Build.0 = Release|Any CPU
	EndGlobalSection
	GlobalSection(SolutionProperties) = preSolution
		HideSolutionNode = FALSE
	EndGlobalSection
	GlobalSection(ExtensibilityGlobals) = postSolution
		SolutionGuid = {E020C1A8-5610-494B-B4F0-5B494A82A42A}
	EndGlobalSection
EndGlobal
